
Microsoft Visual Studio Solution File, Format Version 12.00
# Visual Studio Version 16
VisualStudioVersion = 16.0.31702.278
MinimumVisualStudioVersion = 10.0.40219.1
Project("{9A19103F-16F7-4668-BE54-9A1E7A4F7556}") = "Wardrobe-Program", "Wardrobe-Program\Wardrobe-Program.csproj", "{6E062CB4-153F-4A1D-B629-CC9505563D0A}"
EndProject
Project("{FAE04EC0-301F-11D3-BF4B-00C04F79EFBC}") = "UnitTests", "..\UnitTests\UnitTests.csproj", "{A1A376F8-B274-467D-8AF2-1055C6203087}"
EndProject
Global
	GlobalSection(SolutionConfigurationPlatforms) = preSolution
		Debug|Any CPU = Debug|Any CPU
		Release|Any CPU = Release|Any CPU
	EndGlobalSection
	GlobalSection(ProjectConfigurationPlatforms) = postSolution
		{6E062CB4-153F-4A1D-B629-CC9505563D0A}.Debug|Any CPU.ActiveCfg = Debug|Any CPU
		{6E062CB4-153F-4A1D-B629-CC9505563D0A}.Debug|Any CPU.Build.0 = Debug|Any CPU
		{6E062CB4-153F-4A1D-B629-CC9505563D0A}.Release|Any CPU.ActiveCfg = Release|Any CPU
		{6E062CB4-153F-4A1D-B629-CC9505563D0A}.Release|Any CPU.Build.0 = Release|Any CPU
		{A1A376F8-B274-467D-8AF2-1055C6203087}.Debug|Any CPU.ActiveCfg = Debug|Any CPU
		{A1A376F8-B274-467D-8AF2-1055C6203087}.Debug|Any CPU.Build.0 = Debug|Any CPU
		{A1A376F8-B274-467D-8AF2-1055C6203087}.Release|Any CPU.ActiveCfg = Release|Any CPU
		{A1A376F8-B274-467D-8AF2-1055C6203087}.Release|Any CPU.Build.0 = Release|Any CPU
	EndGlobalSection
	GlobalSection(SolutionProperties) = preSolution
		HideSolutionNode = FALSE
	EndGlobalSection
	GlobalSection(ExtensibilityGlobals) = postSolution
		SolutionGuid = {9B3AA84F-9871-4B2E-ACFE-807F9B518608}
	EndGlobalSection
EndGlobal
